
Microsoft Visual Studio Solution File, Format Version 11.00
# Visual Studio 2010
Project("{2150E333-8FDC-42A3-9474-1A3956D46DE8}") = "Libs", "Libs", "{526F5A34-B294-42FD-BBF6-2CDD7D4DAA56}"
EndProject
Project("{2150E333-8FDC-42A3-9474-1A3956D46DE8}") = "Services", "Services", "{CC8CE953-E796-4869-80DA-B9B9FD29ABA4}"
EndProject
Project("{2150E333-8FDC-42A3-9474-1A3956D46DE8}") = "Apps", "Apps", "{80F5A064-CFAC-44B7-A899-66F756B8FDD5}"
EndProject
Project("{2150E333-8FDC-42A3-9474-1A3956D46DE8}") = "DataModels", "DataModels", "{578D4A1A-6F15-4DB5-9455-D130A1E44BB0}"
EndProject
Project("{FAE04EC0-301F-11D3-BF4B-00C04F79EFBC}") = "IVX.DataModel", "DataModels\IVX.DataModel\IVX.DataModel.csproj", "{8E287254-C9B9-49F0-8D3B-3CD59C5DBEFA}"
EndProject
Project("{FAE04EC0-301F-11D3-BF4B-00C04F79EFBC}") = "MyLog4Net", "Libs\MyLog4Net\MyLog4Net.csproj", "{F0742249-3A6A-4458-86DE-372CF526A4BD}"
EndProject
Project("{FAE04EC0-301F-11D3-BF4B-00C04F79EFBC}") = "WinFormAppUtil", "Libs\WinFormAppUtil\WinFormAppUtil.csproj", "{94DC7060-2442-4E4F-A951-CE649564FCC6}"
EndProject
Project("{FAE04EC0-301F-11D3-BF4B-00C04F79EFBC}") = "IVX.Live.ConfigServices", "Services\IVX.Live.ConfigServices\IVX.Live.ConfigServices.csproj", "{5DDBE791-C54D-404E-91C8-A97C09C3B193}"
EndProject
Project("{FAE04EC0-301F-11D3-BF4B-00C04F79EFBC}") = "MyTcpHelper", "Libs\MyTcpHelper\MyTcpHelper.csproj", "{BC09F32A-7A87-4A4E-8DA3-A3C37211D8AA}"
EndProject
Project("{FAE04EC0-301F-11D3-BF4B-00C04F79EFBC}") = "IVX.Live.CommServices", "Services\IVX.Live.CommServices\IVX.Live.CommServices.csproj", "{C9696B81-0F5F-4166-8459-9ACFB0DC6B8E}"
EndProject
Project("{FAE04EC0-301F-11D3-BF4B-00C04F79EFBC}") = "IVX.Live.MainForm", "Apps\IVX.Live.MainForm\IVX.Live.MainForm.csproj", "{9947B3EC-B31C-42CD-BD95-316812079ACF}"
EndProject
Project("{FAE04EC0-301F-11D3-BF4B-00C04F79EFBC}") = "IVX.Live.ViewModel", "Apps\IVX.Live.ViewModel\IVX.Live.ViewModel.csproj", "{47570B4E-F15C-46ED-B999-B634E48CAA91}"
EndProject
Project("{FAE04EC0-301F-11D3-BF4B-00C04F79EFBC}") = "IVX.Live.Brief.OCX", "Apps\IVX.Live.Brief.OCX\IVX.Live.Brief.OCX.csproj", "{DE729A29-B78F-47F6-A6FE-AFC88A01B11A}"
EndProject
Project("{FAE04EC0-301F-11D3-BF4B-00C04F79EFBC}") = "IVX.Live.VOD.OCX", "Apps\IVX.Live.VOD.OCX\IVX.Live.VOD.OCX.csproj", "{65A50175-0396-4181-83BE-01460C921F3D}"
EndProject
Project("{FAE04EC0-301F-11D3-BF4B-00C04F79EFBC}") = "IVX.Live.AnalyseParam.OCX", "Apps\IVX.Live.AnalyseParam.OCX\IVX.Live.AnalyseParam.OCX.csproj", "{5BB291DD-255C-487D-A49D-71EA188C647F}"
EndProject
Project("{FAE04EC0-301F-11D3-BF4B-00C04F79EFBC}") = "IVX.Live.SearchServices", "Services\IVX.Live.SearchServices\IVX.Live.SearchServices.csproj", "{C8C59116-C6BF-4E64-9ED9-5CCD43E802FD}"
EndProject
Project("{FAE04EC0-301F-11D3-BF4B-00C04F79EFBC}") = "IVX.Live.DataReceiveServices", "Services\IVX.Live.DataReceiveServices\IVX.Live.DataReceiveServices.csproj", "{5C273012-20D9-47DE-B30F-4CB9DEE5EDA8}"
EndProject
Project("{FAE04EC0-301F-11D3-BF4B-00C04F79EFBC}") = "IVX.Live.WSDataReceiveServices", "Services\IVX.Live.WSDataReceiveServices\IVX.Live.WSDataReceiveServices.csproj", "{CE0A723A-AA4F-4E87-B1DE-F08BC7AA3C0C}"
EndProject
Project("{FAE04EC0-301F-11D3-BF4B-00C04F79EFBC}") = "IVX.Live.WebViewModel", "Apps\IVX.Live.WebViewModel\IVX.Live.WebViewModel.csproj", "{94C57096-4336-455E-AE85-80D74DB76C65}"
EndProject
Global
	GlobalSection(SolutionConfigurationPlatforms) = preSolution
		Debug|Any CPU = Debug|Any CPU
		Debug|Mixed Platforms = Debug|Mixed Platforms
		Debug|x86 = Debug|x86
		Release|Any CPU = Release|Any CPU
		Release|Mixed Platforms = Release|Mixed Platforms
		Release|x86 = Release|x86
	EndGlobalSection
	GlobalSection(ProjectConfigurationPlatforms) = postSolution
		{8E287254-C9B9-49F0-8D3B-3CD59C5DBEFA}.Debug|Any CPU.ActiveCfg = Debug|Any CPU
		{8E287254-C9B9-49F0-8D3B-3CD59C5DBEFA}.Debug|Any CPU.Build.0 = Debug|Any CPU
		{8E287254-C9B9-49F0-8D3B-3CD59C5DBEFA}.Debug|Mixed Platforms.ActiveCfg = Debug|x86
		{8E287254-C9B9-49F0-8D3B-3CD59C5DBEFA}.Debug|Mixed Platforms.Build.0 = Debug|x86
		{8E287254-C9B9-49F0-8D3B-3CD59C5DBEFA}.Debug|x86.ActiveCfg = Debug|x86
		{8E287254-C9B9-49F0-8D3B-3CD59C5DBEFA}.Debug|x86.Build.0 = Debug|x86
		{8E287254-C9B9-49F0-8D3B-3CD59C5DBEFA}.Release|Any CPU.ActiveCfg = Release|Any CPU
		{8E287254-C9B9-49F0-8D3B-3CD59C5DBEFA}.Release|Any CPU.Build.0 = Release|Any CPU
		{8E287254-C9B9-49F0-8D3B-3CD59C5DBEFA}.Release|Mixed Platforms.ActiveCfg = Release|x86
		{8E287254-C9B9-49F0-8D3B-3CD59C5DBEFA}.Release|Mixed Platforms.Build.0 = Release|x86
		{8E287254-C9B9-49F0-8D3B-3CD59C5DBEFA}.Release|x86.ActiveCfg = Release|x86
		{8E287254-C9B9-49F0-8D3B-3CD59C5DBEFA}.Release|x86.Build.0 = Release|x86
		{F0742249-3A6A-4458-86DE-372CF526A4BD}.Debug|Any CPU.ActiveCfg = Debug|Any CPU
		{F0742249-3A6A-4458-86DE-372CF526A4BD}.Debug|Any CPU.Build.0 = Debug|Any CPU
		{F0742249-3A6A-4458-86DE-372CF526A4BD}.Debug|Mixed Platforms.ActiveCfg = Debug|x86
		{F0742249-3A6A-4458-86DE-372CF526A4BD}.Debug|Mixed Platforms.Build.0 = Debug|x86
		{F0742249-3A6A-4458-86DE-372CF526A4BD}.Debug|x86.ActiveCfg = Debug|x86
		{F0742249-3A6A-4458-86DE-372CF526A4BD}.Debug|x86.Build.0 = Debug|x86
		{F0742249-3A6A-4458-86DE-372CF526A4BD}.Release|Any CPU.ActiveCfg = Release|Any CPU
		{F0742249-3A6A-4458-86DE-372CF526A4BD}.Release|Any CPU.Build.0 = Release|Any CPU
		{F0742249-3A6A-4458-86DE-372CF526A4BD}.Release|Mixed Platforms.ActiveCfg = Release|x86
		{F0742249-3A6A-4458-86DE-372CF526A4BD}.Release|Mixed Platforms.Build.0 = Release|x86
		{F0742249-3A6A-4458-86DE-372CF526A4BD}.Release|x86.ActiveCfg = Release|x86
		{F0742249-3A6A-4458-86DE-372CF526A4BD}.Release|x86.Build.0 = Release|x86
		{94DC7060-2442-4E4F-A951-CE649564FCC6}.Debug|Any CPU.ActiveCfg = Debug|Any CPU
		{94DC7060-2442-4E4F-A951-CE649564FCC6}.Debug|Any CPU.Build.0 = Debug|Any CPU
		{94DC7060-2442-4E4F-A951-CE649564FCC6}.Debug|Mixed Platforms.ActiveCfg = Debug|x86
		{94DC7060-2442-4E4F-A951-CE649564FCC6}.Debug|Mixed Platforms.Build.0 = Debug|x86
		{94DC7060-2442-4E4F-A951-CE649564FCC6}.Debug|x86.ActiveCfg = Debug|x86
		{94DC7060-2442-4E4F-A951-CE649564FCC6}.Debug|x86.Build.0 = Debug|x86
		{94DC7060-2442-4E4F-A951-CE649564FCC6}.Release|Any CPU.ActiveCfg = Release|Any CPU
		{94DC7060-2442-4E4F-A951-CE649564FCC6}.Release|Any CPU.Build.0 = Release|Any CPU
		{94DC7060-2442-4E4F-A951-CE649564FCC6}.Release|Mixed Platforms.ActiveCfg = Release|x86
		{94DC7060-2442-4E4F-A951-CE649564FCC6}.Release|Mixed Platforms.Build.0 = Release|x86
		{94DC7060-2442-4E4F-A951-CE649564FCC6}.Release|x86.ActiveCfg = Release|x86
		{94DC7060-2442-4E4F-A951-CE649564FCC6}.Release|x86.Build.0 = Release|x86
		{5DDBE791-C54D-404E-91C8-A97C09C3B193}.Debug|Any CPU.ActiveCfg = Debug|Any CPU
		{5DDBE791-C54D-404E-91C8-A97C09C3B193}.Debug|Any CPU.Build.0 = Debug|Any CPU
		{5DDBE791-C54D-404E-91C8-A97C09C3B193}.Debug|Mixed Platforms.ActiveCfg = Debug|x86
		{5DDBE791-C54D-404E-91C8-A97C09C3B193}.Debug|Mixed Platforms.Build.0 = Debug|x86
		{5DDBE791-C54D-404E-91C8-A97C09C3B193}.Debug|x86.ActiveCfg = Debug|x86
		{5DDBE791-C54D-404E-91C8-A97C09C3B193}.Debug|x86.Build.0 = Debug|x86
		{5DDBE791-C54D-404E-91C8-A97C09C3B193}.Release|Any CPU.ActiveCfg = Release|Any CPU
		{5DDBE791-C54D-404E-91C8-A97C09C3B193}.Release|Any CPU.Build.0 = Release|Any CPU
		{5DDBE791-C54D-404E-91C8-A97C09C3B193}.Release|Mixed Platforms.ActiveCfg = Release|x86
		{5DDBE791-C54D-404E-91C8-A97C09C3B193}.Release|Mixed Platforms.Build.0 = Release|x86
		{5DDBE791-C54D-404E-91C8-A97C09C3B193}.Release|x86.ActiveCfg = Release|x86
		{5DDBE791-C54D-404E-91C8-A97C09C3B193}.Release|x86.Build.0 = Release|x86
		{BC09F32A-7A87-4A4E-8DA3-A3C37211D8AA}.Debug|Any CPU.ActiveCfg = Debug|Any CPU
		{BC09F32A-7A87-4A4E-8DA3-A3C37211D8AA}.Debug|Any CPU.Build.0 = Debug|Any CPU
		{BC09F32A-7A87-4A4E-8DA3-A3C37211D8AA}.Debug|Mixed Platforms.ActiveCfg = Debug|x86
		{BC09F32A-7A87-4A4E-8DA3-A3C37211D8AA}.Debug|Mixed Platforms.Build.0 = Debug|x86
		{BC09F32A-7A87-4A4E-8DA3-A3C37211D8AA}.Debug|x86.ActiveCfg = Debug|x86
		{BC09F32A-7A87-4A4E-8DA3-A3C37211D8AA}.Debug|x86.Build.0 = Debug|x86
		{BC09F32A-7A87-4A4E-8DA3-A3C37211D8AA}.Release|Any CPU.ActiveCfg = Release|Any CPU
		{BC09F32A-7A87-4A4E-8DA3-A3C37211D8AA}.Release|Any CPU.Build.0 = Release|Any CPU
		{BC09F32A-7A87-4A4E-8DA3-A3C37211D8AA}.Release|Mixed Platforms.ActiveCfg = Release|x86
		{BC09F32A-7A87-4A4E-8DA3-A3C37211D8AA}.Release|Mixed Platforms.Build.0 = Release|x86
		{BC09F32A-7A87-4A4E-8DA3-A3C37211D8AA}.Release|x86.ActiveCfg = Release|x86
		{BC09F32A-7A87-4A4E-8DA3-A3C37211D8AA}.Release|x86.Build.0 = Release|x86
		{C9696B81-0F5F-4166-8459-9ACFB0DC6B8E}.Debug|Any CPU.ActiveCfg = Debug|Any CPU
		{C9696B81-0F5F-4166-8459-9ACFB0DC6B8E}.Debug|Any CPU.Build.0 = Debug|Any CPU
		{C9696B81-0F5F-4166-8459-9ACFB0DC6B8E}.Debug|Mixed Platforms.ActiveCfg = Debug|x86
		{C9696B81-0F5F-4166-8459-9ACFB0DC6B8E}.Debug|Mixed Platforms.Build.0 = Debug|x86
		{C9696B81-0F5F-4166-8459-9ACFB0DC6B8E}.Debug|x86.ActiveCfg = Debug|x86
		{C9696B81-0F5F-4166-8459-9ACFB0DC6B8E}.Debug|x86.Build.0 = Debug|x86
		{C9696B81-0F5F-4166-8459-9ACFB0DC6B8E}.Release|Any CPU.ActiveCfg = Release|Any CPU
		{C9696B81-0F5F-4166-8459-9ACFB0DC6B8E}.Release|Any CPU.Build.0 = Release|Any CPU
		{C9696B81-0F5F-4166-8459-9ACFB0DC6B8E}.Release|Mixed Platforms.ActiveCfg = Release|x86
		{C9696B81-0F5F-4166-8459-9ACFB0DC6B8E}.Release|Mixed Platforms.Build.0 = Release|x86
		{C9696B81-0F5F-4166-8459-9ACFB0DC6B8E}.Release|x86.ActiveCfg = Release|x86
		{C9696B81-0F5F-4166-8459-9ACFB0DC6B8E}.Release|x86.Build.0 = Release|x86
		{9947B3EC-B31C-42CD-BD95-316812079ACF}.Debug|Any CPU.ActiveCfg = Debug|Any CPU
		{9947B3EC-B31C-42CD-BD95-316812079ACF}.Debug|Any CPU.Build.0 = Debug|Any CPU
		{9947B3EC-B31C-42CD-BD95-316812079ACF}.Debug|Mixed Platforms.ActiveCfg = Debug|x86
		{9947B3EC-B31C-42CD-BD95-316812079ACF}.Debug|Mixed Platforms.Build.0 = Debug|x86
		{9947B3EC-B31C-42CD-BD95-316812079ACF}.Debug|x86.ActiveCfg = Debug|x86
		{9947B3EC-B31C-42CD-BD95-316812079ACF}.Debug|x86.Build.0 = Debug|x86
		{9947B3EC-B31C-42CD-BD95-316812079ACF}.Release|Any CPU.ActiveCfg = Release|Any CPU
		{9947B3EC-B31C-42CD-BD95-316812079ACF}.Release|Any CPU.Build.0 = Release|Any CPU
		{9947B3EC-B31C-42CD-BD95-316812079ACF}.Release|Mixed Platforms.ActiveCfg = Release|x86
		{9947B3EC-B31C-42CD-BD95-316812079ACF}.Release|Mixed Platforms.Build.0 = Release|x86
		{9947B3EC-B31C-42CD-BD95-316812079ACF}.Release|x86.ActiveCfg = Release|x86
		{9947B3EC-B31C-42CD-BD95-316812079ACF}.Release|x86.Build.0 = Release|x86
		{47570B4E-F15C-46ED-B999-B634E48CAA91}.Debug|Any CPU.ActiveCfg = Debug|Any CPU
		{47570B4E-F15C-46ED-B999-B634E48CAA91}.Debug|Any CPU.Build.0 = Debug|Any CPU
		{47570B4E-F15C-46ED-B999-B634E48CAA91}.Debug|Mixed Platforms.ActiveCfg = Debug|x86
		{47570B4E-F15C-46ED-B999-B634E48CAA91}.Debug|Mixed Platforms.Build.0 = Debug|x86
		{47570B4E-F15C-46ED-B999-B634E48CAA91}.Debug|x86.ActiveCfg = Debug|x86
		{47570B4E-F15C-46ED-B999-B634E48CAA91}.Debug|x86.Build.0 = Debug|x86
		{47570B4E-F15C-46ED-B999-B634E48CAA91}.Release|Any CPU.ActiveCfg = Release|Any CPU
		{47570B4E-F15C-46ED-B999-B634E48CAA91}.Release|Any CPU.Build.0 = Release|Any CPU
		{47570B4E-F15C-46ED-B999-B634E48CAA91}.Release|Mixed Platforms.ActiveCfg = Release|x86
		{47570B4E-F15C-46ED-B999-B634E48CAA91}.Release|Mixed Platforms.Build.0 = Release|x86
		{47570B4E-F15C-46ED-B999-B634E48CAA91}.Release|x86.ActiveCfg = Release|x86
		{47570B4E-F15C-46ED-B999-B634E48CAA91}.Release|x86.Build.0 = Release|x86
		{DE729A29-B78F-47F6-A6FE-AFC88A01B11A}.Debug|Any CPU.ActiveCfg = Debug|Any CPU
		{DE729A29-B78F-47F6-A6FE-AFC88A01B11A}.Debug|Any CPU.Build.0 = Debug|Any CPU
		{DE729A29-B78F-47F6-A6FE-AFC88A01B11A}.Debug|Mixed Platforms.ActiveCfg = Debug|x86
		{DE729A29-B78F-47F6-A6FE-AFC88A01B11A}.Debug|Mixed Platforms.Build.0 = Debug|x86
		{DE729A29-B78F-47F6-A6FE-AFC88A01B11A}.Debug|x86.ActiveCfg = Debug|x86
		{DE729A29-B78F-47F6-A6FE-AFC88A01B11A}.Debug|x86.Build.0 = Debug|x86
		{DE729A29-B78F-47F6-A6FE-AFC88A01B11A}.Release|Any CPU.ActiveCfg = Release|Any CPU
		{DE729A29-B78F-47F6-A6FE-AFC88A01B11A}.Release|Any CPU.Build.0 = Release|Any CPU
		{DE729A29-B78F-47F6-A6FE-AFC88A01B11A}.Release|Mixed Platforms.ActiveCfg = Release|x86
		{DE729A29-B78F-47F6-A6FE-AFC88A01B11A}.Release|Mixed Platforms.Build.0 = Release|x86
		{DE729A29-B78F-47F6-A6FE-AFC88A01B11A}.Release|x86.ActiveCfg = Release|x86
		{DE729A29-B78F-47F6-A6FE-AFC88A01B11A}.Release|x86.Build.0 = Release|x86
		{65A50175-0396-4181-83BE-01460C921F3D}.Debug|Any CPU.ActiveCfg = Debug|Any CPU
		{65A50175-0396-4181-83BE-01460C921F3D}.Debug|Any CPU.Build.0 = Debug|Any CPU
		{65A50175-0396-4181-83BE-01460C921F3D}.Debug|Mixed Platforms.ActiveCfg = Debug|x86
		{65A50175-0396-4181-83BE-01460C921F3D}.Debug|Mixed Platforms.Build.0 = Debug|x86
		{65A50175-0396-4181-83BE-01460C921F3D}.Debug|x86.ActiveCfg = Debug|x86
		{65A50175-0396-4181-83BE-01460C921F3D}.Debug|x86.Build.0 = Debug|x86
		{65A50175-0396-4181-83BE-01460C921F3D}.Release|Any CPU.ActiveCfg = Release|Any CPU
		{65A50175-0396-4181-83BE-01460C921F3D}.Release|Any CPU.Build.0 = Release|Any CPU
		{65A50175-0396-4181-83BE-01460C921F3D}.Release|Mixed Platforms.ActiveCfg = Release|x86
		{65A50175-0396-4181-83BE-01460C921F3D}.Release|Mixed Platforms.Build.0 = Release|x86
		{65A50175-0396-4181-83BE-01460C921F3D}.Release|x86.ActiveCfg = Release|x86
		{65A50175-0396-4181-83BE-01460C921F3D}.Release|x86.Build.0 = Release|x86
		{5BB291DD-255C-487D-A49D-71EA188C647F}.Debug|Any CPU.ActiveCfg = Debug|Any CPU
		{5BB291DD-255C-487D-A49D-71EA188C647F}.Debug|Any CPU.Build.0 = Debug|Any CPU
		{5BB291DD-255C-487D-A49D-71EA188C647F}.Debug|Mixed Platforms.ActiveCfg = Debug|x86
		{5BB291DD-255C-487D-A49D-71EA188C647F}.Debug|Mixed Platforms.Build.0 = Debug|x86
		{5BB291DD-255C-487D-A49D-71EA188C647F}.Debug|x86.ActiveCfg = Debug|x86
		{5BB291DD-255C-487D-A49D-71EA188C647F}.Debug|x86.Build.0 = Debug|x86
		{5BB291DD-255C-487D-A49D-71EA188C647F}.Release|Any CPU.ActiveCfg = Release|Any CPU
		{5BB291DD-255C-487D-A49D-71EA188C647F}.Release|Any CPU.Build.0 = Release|Any CPU
		{5BB291DD-255C-487D-A49D-71EA188C647F}.Release|Mixed Platforms.ActiveCfg = Release|x86
		{5BB291DD-255C-487D-A49D-71EA188C647F}.Release|Mixed Platforms.Build.0 = Release|x86
		{5BB291DD-255C-487D-A49D-71EA188C647F}.Release|x86.ActiveCfg = Release|x86
		{5BB291DD-255C-487D-A49D-71EA188C647F}.Release|x86.Build.0 = Release|x86
		{C8C59116-C6BF-4E64-9ED9-5CCD43E802FD}.Debug|Any CPU.ActiveCfg = Debug|Any CPU
		{C8C59116-C6BF-4E64-9ED9-5CCD43E802FD}.Debug|Any CPU.Build.0 = Debug|Any CPU
		{C8C59116-C6BF-4E64-9ED9-5CCD43E802FD}.Debug|Mixed Platforms.ActiveCfg = Debug|x86
		{C8C59116-C6BF-4E64-9ED9-5CCD43E802FD}.Debug|Mixed Platforms.Build.0 = Debug|x86
		{C8C59116-C6BF-4E64-9ED9-5CCD43E802FD}.Debug|x86.ActiveCfg = Debug|x86
		{C8C59116-C6BF-4E64-9ED9-5CCD43E802FD}.Debug|x86.Build.0 = Debug|x86
		{C8C59116-C6BF-4E64-9ED9-5CCD43E802FD}.Release|Any CPU.ActiveCfg = Release|Any CPU
		{C8C59116-C6BF-4E64-9ED9-5CCD43E802FD}.Release|Any CPU.Build.0 = Release|Any CPU
		{C8C59116-C6BF-4E64-9ED9-5CCD43E802FD}.Release|Mixed Platforms.ActiveCfg = Release|x86
		{C8C59116-C6BF-4E64-9ED9-5CCD43E802FD}.Release|Mixed Platforms.Build.0 = Release|x86
		{C8C59116-C6BF-4E64-9ED9-5CCD43E802FD}.Release|x86.ActiveCfg = Release|x86
		{C8C59116-C6BF-4E64-9ED9-5CCD43E802FD}.Release|x86.Build.0 = Release|x86
		{5C273012-20D9-47DE-B30F-4CB9DEE5EDA8}.Debug|Any CPU.ActiveCfg = Debug|Any CPU
		{5C273012-20D9-47DE-B30F-4CB9DEE5EDA8}.Debug|Any CPU.Build.0 = Debug|Any CPU
		{5C273012-20D9-47DE-B30F-4CB9DEE5EDA8}.Debug|Mixed Platforms.ActiveCfg = Debug|x86
		{5C273012-20D9-47DE-B30F-4CB9DEE5EDA8}.Debug|Mixed Platforms.Build.0 = Debug|x86
		{5C273012-20D9-47DE-B30F-4CB9DEE5EDA8}.Debug|x86.ActiveCfg = Debug|x86
		{5C273012-20D9-47DE-B30F-4CB9DEE5EDA8}.Debug|x86.Build.0 = Debug|x86
		{5C273012-20D9-47DE-B30F-4CB9DEE5EDA8}.Release|Any CPU.ActiveCfg = Release|Any CPU
		{5C273012-20D9-47DE-B30F-4CB9DEE5EDA8}.Release|Any CPU.Build.0 = Release|Any CPU
		{5C273012-20D9-47DE-B30F-4CB9DEE5EDA8}.Release|Mixed Platforms.ActiveCfg = Release|x86
		{5C273012-20D9-47DE-B30F-4CB9DEE5EDA8}.Release|Mixed Platforms.Build.0 = Release|x86
		{5C273012-20D9-47DE-B30F-4CB9DEE5EDA8}.Release|x86.ActiveCfg = Release|x86
		{5C273012-20D9-47DE-B30F-4CB9DEE5EDA8}.Release|x86.Build.0 = Release|x86
		{CE0A723A-AA4F-4E87-B1DE-F08BC7AA3C0C}.Debug|Any CPU.ActiveCfg = Debug|Any CPU
		{CE0A723A-AA4F-4E87-B1DE-F08BC7AA3C0C}.Debug|Any CPU.Build.0 = Debug|Any CPU
		{CE0A723A-AA4F-4E87-B1DE-F08BC7AA3C0C}.Debug|Mixed Platforms.ActiveCfg = Debug|Any CPU
		{CE0A723A-AA4F-4E87-B1DE-F08BC7AA3C0C}.Debug|Mixed Platforms.Build.0 = Debug|Any CPU
		{CE0A723A-AA4F-4E87-B1DE-F08BC7AA3C0C}.Debug|x86.ActiveCfg = Debug|Any CPU
		{CE0A723A-AA4F-4E87-B1DE-F08BC7AA3C0C}.Release|Any CPU.ActiveCfg = Release|Any CPU
		{CE0A723A-AA4F-4E87-B1DE-F08BC7AA3C0C}.Release|Any CPU.Build.0 = Release|Any CPU
		{CE0A723A-AA4F-4E87-B1DE-F08BC7AA3C0C}.Release|Mixed Platforms.ActiveCfg = Release|Any CPU
		{CE0A723A-AA4F-4E87-B1DE-F08BC7AA3C0C}.Release|Mixed Platforms.Build.0 = Release|Any CPU
		{CE0A723A-AA4F-4E87-B1DE-F08BC7AA3C0C}.Release|x86.ActiveCfg = Release|x86
		{CE0A723A-AA4F-4E87-B1DE-F08BC7AA3C0C}.Release|x86.Build.0 = Release|x86
		{94C57096-4336-455E-AE85-80D74DB76C65}.Debug|Any CPU.ActiveCfg = Debug|Any CPU
		{94C57096-4336-455E-AE85-80D74DB76C65}.Debug|Any CPU.Build.0 = Debug|Any CPU
		{94C57096-4336-455E-AE85-80D74DB76C65}.Debug|Mixed Platforms.ActiveCfg = Debug|Any CPU
		{94C57096-4336-455E-AE85-80D74DB76C65}.Debug|Mixed Platforms.Build.0 = Debug|Any CPU
		{94C57096-4336-455E-AE85-80D74DB76C65}.Debug|x86.ActiveCfg = Debug|Any CPU
		{94C57096-4336-455E-AE85-80D74DB76C65}.Release|Any CPU.ActiveCfg = Release|Any CPU
		{94C57096-4336-455E-AE85-80D74DB76C65}.Release|Any CPU.Build.0 = Release|Any CPU
		{94C57096-4336-455E-AE85-80D74DB76C65}.Release|Mixed Platforms.ActiveCfg = Release|Any CPU
		{94C57096-4336-455E-AE85-80D74DB76C65}.Release|Mixed Platforms.Build.0 = Release|Any CPU
		{94C57096-4336-455E-AE85-80D74DB76C65}.Release|x86.ActiveCfg = Release|x86
		{94C57096-4336-455E-AE85-80D74DB76C65}.Release|x86.Build.0 = Release|x86
	EndGlobalSection
	GlobalSection(SolutionProperties) = preSolution
		HideSolutionNode = FALSE
	EndGlobalSection
	GlobalSection(NestedProjects) = preSolution
		{F0742249-3A6A-4458-86DE-372CF526A4BD} = {526F5A34-B294-42FD-BBF6-2CDD7D4DAA56}
		{94DC7060-2442-4E4F-A951-CE649564FCC6} = {526F5A34-B294-42FD-BBF6-2CDD7D4DAA56}
		{BC09F32A-7A87-4A4E-8DA3-A3C37211D8AA} = {526F5A34-B294-42FD-BBF6-2CDD7D4DAA56}
		{5DDBE791-C54D-404E-91C8-A97C09C3B193} = {CC8CE953-E796-4869-80DA-B9B9FD29ABA4}
		{C9696B81-0F5F-4166-8459-9ACFB0DC6B8E} = {CC8CE953-E796-4869-80DA-B9B9FD29ABA4}
		{C8C59116-C6BF-4E64-9ED9-5CCD43E802FD} = {CC8CE953-E796-4869-80DA-B9B9FD29ABA4}
		{5C273012-20D9-47DE-B30F-4CB9DEE5EDA8} = {CC8CE953-E796-4869-80DA-B9B9FD29ABA4}
		{CE0A723A-AA4F-4E87-B1DE-F08BC7AA3C0C} = {CC8CE953-E796-4869-80DA-B9B9FD29ABA4}
		{9947B3EC-B31C-42CD-BD95-316812079ACF} = {80F5A064-CFAC-44B7-A899-66F756B8FDD5}
		{47570B4E-F15C-46ED-B999-B634E48CAA91} = {80F5A064-CFAC-44B7-A899-66F756B8FDD5}
		{DE729A29-B78F-47F6-A6FE-AFC88A01B11A} = {80F5A064-CFAC-44B7-A899-66F756B8FDD5}
		{65A50175-0396-4181-83BE-01460C921F3D} = {80F5A064-CFAC-44B7-A899-66F756B8FDD5}
		{5BB291DD-255C-487D-A49D-71EA188C647F} = {80F5A064-CFAC-44B7-A899-66F756B8FDD5}
		{94C57096-4336-455E-AE85-80D74DB76C65} = {80F5A064-CFAC-44B7-A899-66F756B8FDD5}
		{8E287254-C9B9-49F0-8D3B-3CD59C5DBEFA} = {578D4A1A-6F15-4DB5-9455-D130A1E44BB0}
	EndGlobalSection
EndGlobal
